codeberg.org/reiver/go-erorr v0.0.0-20260103001947-b254c409f0ce h1:w6RVDeJJWh0aGD6eSGNEggX8EgCDQDFiJWdxxtH7h90=
codeberg.org/reiver/go-erorr v0.0.0-20260103001947-b254c409f0ce/go.mod h1:JK+FexydwPFzMe6od9T7LAM/SjXxjsbxOP0VHUVJ1VM=
codeberg.org/reiver/go-field v0.0.0-20251210045308-95aa734b2ef0 h1:zGfFryV4SFmCiK3MKZOk5adG7kIb45bsBvz9SeVI01A=
codeberg.org/reiver/go-field v0.0.0-20251210045308-95aa734b2ef0/go.mod h1:752EzuARz/8LnYzfPcxBFIIKstqok9fyTUmi5qnjn+Q=
github.com/reiver/go-calltrace v0.0.0-20251216205616-3931a8c7b154 h1:3w3kacKCTHArAMZenoEO2qssZzJiQ9G8ZJgEvKerbuE=
github.com/reiver/go-calltrace v0.0.0-20251216205616-3931a8c7b154/go.mod h1:b9j4dbN++ed+soAS/+wSCZ+OsZSm3CWiuzxps8nzkew=
github.com/reiver/go-erorr v0.0.0-20240801233437-8cbde6d1fa3f h1:D1QSxKHm8U73XhjsW3SFLkT0zT5pKJi+1KGboMhY1Rk=
github.com/reiver/go-erorr v0.0.0-20240801233437-8cbde6d1fa3f/go.mod h1:F0HbBf+Ak2ZlE8YkDW4Y+KxaUmT0KaaIJK6CXY3cJxE=
github.com/reiver/go-json v0.0.0-20260306160333-8285682dd9de h1:iv1rtb5PoQn8L9GCMoOwI4YfS+qlXoI5+Kt+qaRjrB4=
github.com/reiver/go-json v0.0.0-20260306160333-8285682dd9de/go.mod h1:W3mWb+di0CJG8fHj00nBnWFRmg42kNheXO3KhHroFKU=
github.com/reiver/go-jsonld v0.0.0-20250611053742-8fec84a9f5f8 h1:eYGdUVK/VsL7Ikq039eRdAeqdpC7mERniOC/CL3fFlA=
github.com/reiver/go-jsonld v0.0.0-20250611053742-8fec84a9f5f8/go.mod h1:tXqiloQUwUx0JQo4igLaXNAErfDuT+ZtWzMp0Zgc5dg=
github.com/reiver/go-lck v0.0.0-20240808133902-b56df221c39f h1:KBVWBoNIM8mHkUR3dP64hm2p2vxoD5xHZ6wUllCjFTc=
github.com/reiver/go-lck v0.0.0-20240808133902-b56df221c39f/go.mod h1:PFseSi8S0CBkc+YB6jYWtogPk83LumclnYJZZBQJJhs=
github.com/reiver/go-opt v0.0.0-20240809035328-1ff08dec9bc4 h1:KQ/PDBRaJb69hmMmOs/jM8q679y9v51lY7tjX2FUkog=
github.com/reiver/go-opt v0.0.0-20240809035328-1ff08dec9bc4/go.mod h1:3lRqhDIwZ4OaMNN6Z5rmHCX8up18IkLGuw2rxP9GrYo=
